
Microsoft Visual Studio Solution File, Format Version 12.00
# Visual Studio Version 17
VisualStudioVersion = 17.10.34916.146
MinimumVisualStudioVersion = 10.0.40219.1
Project("{8BC9CEB8-8B4A-11D0-8D11-00A0C91BC942}") = "PathTracer", "PathTracer.vcxproj", "{CFE6C2AB-BFC5-42AE-8EC8-60E7771DAA0A}"
	ProjectSection(ProjectDependencies) = postProject
		{089E4932-5431-4F28-A918-4234E5202F51} = {089E4932-5431-4F28-A918-4234E5202F51}
		{094A0F69-DE50-4929-82C6-A4965546E9D4} = {094A0F69-DE50-4929-82C6-A4965546E9D4}
		{767E2D8B-D10A-48C3-A26E-0D6AED7A982D} = {767E2D8B-D10A-48C3-A26E-0D6AED7A982D}
		{EFDE965E-1DA2-430D-93AE-4EEAFD6F7237} = {EFDE965E-1DA2-430D-93AE-4EEAFD6F7237}
	EndProjectSection
EndProject
Project("{8BC9CEB8-8B4A-11D0-8D11-00A0C91BC942}") = "GLFW", "Subprojects\GLFW\GLFW.vcxproj", "{EFDE965E-1DA2-430D-93AE-4EEAFD6F7237}"
EndProject
Project("{8BC9CEB8-8B4A-11D0-8D11-00A0C91BC942}") = "ImGui", "Subprojects\ImGui\ImGui.vcxproj", "{094A0F69-DE50-4929-82C6-A4965546E9D4}"
EndProject
Project("{8BC9CEB8-8B4A-11D0-8D11-00A0C91BC942}") = "glad", "Subprojects\glad\glad.vcxproj", "{767E2D8B-D10A-48C3-A26E-0D6AED7A982D}"
EndProject
Project("{8BC9CEB8-8B4A-11D0-8D11-00A0C91BC942}") = "MathLibrary", "Subprojects\MathLibrary\MathLibrary.vcxproj", "{089E4932-5431-4F28-A918-4234E5202F51}"
EndProject
Global
	GlobalSection(SolutionConfigurationPlatforms) = preSolution
		CustomRelease|x64 = CustomRelease|x64
		CustomRelease|x86 = CustomRelease|x86
		Debug|x64 = Debug|x64
		Debug|x86 = Debug|x86
		Release|x64 = Release|x64
		Release|x86 = Release|x86
	EndGlobalSection
	GlobalSection(ProjectConfigurationPlatforms) = postSolution
		{CFE6C2AB-BFC5-42AE-8EC8-60E7771DAA0A}.CustomRelease|x64.ActiveCfg = CustomRelease|x64
		{CFE6C2AB-BFC5-42AE-8EC8-60E7771DAA0A}.CustomRelease|x64.Build.0 = CustomRelease|x64
		{CFE6C2AB-BFC5-42AE-8EC8-60E7771DAA0A}.CustomRelease|x86.ActiveCfg = CustomRelease|Win32
		{CFE6C2AB-BFC5-42AE-8EC8-60E7771DAA0A}.CustomRelease|x86.Build.0 = CustomRelease|Win32
		{CFE6C2AB-BFC5-42AE-8EC8-60E7771DAA0A}.Debug|x64.ActiveCfg = Debug|x64
		{CFE6C2AB-BFC5-42AE-8EC8-60E7771DAA0A}.Debug|x64.Build.0 = Debug|x64
		{CFE6C2AB-BFC5-42AE-8EC8-60E7771DAA0A}.Debug|x86.ActiveCfg = Debug|Win32
		{CFE6C2AB-BFC5-42AE-8EC8-60E7771DAA0A}.Debug|x86.Build.0 = Debug|Win32
		{CFE6C2AB-BFC5-42AE-8EC8-60E7771DAA0A}.Release|x64.ActiveCfg = Release|x64
		{CFE6C2AB-BFC5-42AE-8EC8-60E7771DAA0A}.Release|x64.Build.0 = Release|x64
		{CFE6C2AB-BFC5-42AE-8EC8-60E7771DAA0A}.Release|x86.ActiveCfg = Release|Win32
		{CFE6C2AB-BFC5-42AE-8EC8-60E7771DAA0A}.Release|x86.Build.0 = Release|Win32
		{EFDE965E-1DA2-430D-93AE-4EEAFD6F7237}.CustomRelease|x64.ActiveCfg = CustomRelease|x64
		{EFDE965E-1DA2-430D-93AE-4EEAFD6F7237}.CustomRelease|x64.Build.0 = CustomRelease|x64
		{EFDE965E-1DA2-430D-93AE-4EEAFD6F7237}.CustomRelease|x86.ActiveCfg = CustomRelease|Win32
		{EFDE965E-1DA2-430D-93AE-4EEAFD6F7237}.CustomRelease|x86.Build.0 = CustomRelease|Win32
		{EFDE965E-1DA2-430D-93AE-4EEAFD6F7237}.Debug|x64.ActiveCfg = Debug|x64
		{EFDE965E-1DA2-430D-93AE-4EEAFD6F7237}.Debug|x64.Build.0 = Debug|x64
		{EFDE965E-1DA2-430D-93AE-4EEAFD6F7237}.Debug|x86.ActiveCfg = Debug|Win32
		{EFDE965E-1DA2-430D-93AE-4EEAFD6F7237}.Debug|x86.Build.0 = Debug|Win32
		{EFDE965E-1DA2-430D-93AE-4EEAFD6F7237}.Release|x64.ActiveCfg = Release|x64
		{EFDE965E-1DA2-430D-93AE-4EEAFD6F7237}.Release|x64.Build.0 = Release|x64
		{EFDE965E-1DA2-430D-93AE-4EEAFD6F7237}.Release|x86.ActiveCfg = Release|Win32
		{EFDE965E-1DA2-430D-93AE-4EEAFD6F7237}.Release|x86.Build.0 = Release|Win32
		{094A0F69-DE50-4929-82C6-A4965546E9D4}.CustomRelease|x64.ActiveCfg = CustomRelease|x64
		{094A0F69-DE50-4929-82C6-A4965546E9D4}.CustomRelease|x64.Build.0 = CustomRelease|x64
		{094A0F69-DE50-4929-82C6-A4965546E9D4}.CustomRelease|x86.ActiveCfg = CustomRelease|Win32
		{094A0F69-DE50-4929-82C6-A4965546E9D4}.CustomRelease|x86.Build.0 = CustomRelease|Win32
		{094A0F69-DE50-4929-82C6-A4965546E9D4}.Debug|x64.ActiveCfg = Debug|x64
		{094A0F69-DE50-4929-82C6-A4965546E9D4}.Debug|x64.Build.0 = Debug|x64
		{094A0F69-DE50-4929-82C6-A4965546E9D4}.Debug|x86.ActiveCfg = Debug|Win32
		{094A0F69-DE50-4929-82C6-A4965546E9D4}.Debug|x86.Build.0 = Debug|Win32
		{094A0F69-DE50-4929-82C6-A4965546E9D4}.Release|x64.ActiveCfg = Release|x64
		{094A0F69-DE50-4929-82C6-A4965546E9D4}.Release|x64.Build.0 = Release|x64
		{094A0F69-DE50-4929-82C6-A4965546E9D4}.Release|x86.ActiveCfg = Release|Win32
		{094A0F69-DE50-4929-82C6-A4965546E9D4}.Release|x86.Build.0 = Release|Win32
		{767E2D8B-D10A-48C3-A26E-0D6AED7A982D}.CustomRelease|x64.ActiveCfg = CustomRelease|x64
		{767E2D8B-D10A-48C3-A26E-0D6AED7A982D}.CustomRelease|x64.Build.0 = CustomRelease|x64
		{767E2D8B-D10A-48C3-A26E-0D6AED7A982D}.CustomRelease|x86.ActiveCfg = CustomRelease|Win32
		{767E2D8B-D10A-48C3-A26E-0D6AED7A982D}.CustomRelease|x86.Build.0 = CustomRelease|Win32
		{767E2D8B-D10A-48C3-A26E-0D6AED7A982D}.Debug|x64.ActiveCfg = Debug|x64
		{767E2D8B-D10A-48C3-A26E-0D6AED7A982D}.Debug|x64.Build.0 = Debug|x64
		{767E2D8B-D10A-48C3-A26E-0D6AED7A982D}.Debug|x86.ActiveCfg = Debug|Win32
		{767E2D8B-D10A-48C3-A26E-0D6AED7A982D}.Debug|x86.Build.0 = Debug|Win32
		{767E2D8B-D10A-48C3-A26E-0D6AED7A982D}.Release|x64.ActiveCfg = Release|x64
		{767E2D8B-D10A-48C3-A26E-0D6AED7A982D}.Release|x64.Build.0 = Release|x64
		{767E2D8B-D10A-48C3-A26E-0D6AED7A982D}.Release|x86.ActiveCfg = Release|Win32
		{767E2D8B-D10A-48C3-A26E-0D6AED7A982D}.Release|x86.Build.0 = Release|Win32
		{089E4932-5431-4F28-A918-4234E5202F51}.CustomRelease|x64.ActiveCfg = CustomRelease|x64
		{089E4932-5431-4F28-A918-4234E5202F51}.CustomRelease|x64.Build.0 = CustomRelease|x64
		{089E4932-5431-4F28-A918-4234E5202F51}.CustomRelease|x86.ActiveCfg = CustomRelease|Win32
		{089E4932-5431-4F28-A918-4234E5202F51}.CustomRelease|x86.Build.0 = CustomRelease|Win32
		{089E4932-5431-4F28-A918-4234E5202F51}.Debug|x64.ActiveCfg = Debug|x64
		{089E4932-5431-4F28-A918-4234E5202F51}.Debug|x64.Build.0 = Debug|x64
		{089E4932-5431-4F28-A918-4234E5202F51}.Debug|x86.ActiveCfg = Debug|Win32
		{089E4932-5431-4F28-A918-4234E5202F51}.Debug|x86.Build.0 = Debug|Win32
		{089E4932-5431-4F28-A918-4234E5202F51}.Release|x64.ActiveCfg = Release|x64
		{089E4932-5431-4F28-A918-4234E5202F51}.Release|x64.Build.0 = Release|x64
		{089E4932-5431-4F28-A918-4234E5202F51}.Release|x86.ActiveCfg = Release|Win32
		{089E4932-5431-4F28-A918-4234E5202F51}.Release|x86.Build.0 = Release|Win32
	EndGlobalSection
	GlobalSection(SolutionProperties) = preSolution
		HideSolutionNode = FALSE
	EndGlobalSection
	GlobalSection(ExtensibilityGlobals) = postSolution
		SolutionGuid = {75ECFF01-BD5C-4358-83AD-398D130F76CF}
	EndGlobalSection
EndGlobal
